// !$*UTF8*$!
{
	archiveVersion = 1;
	classes = {
	};
	objectVersion = 46;
	objects = {

/* Begin PBXBuildFile section */
		AA5300F81AE7FBEF00FD8A40 /* main.m in Sources */ = {isa = PBXBuildFile; fileRef = AA5300F71AE7FBEF00FD8A40 /* main.m */; };
		AA5300FB1AE7FBEF00FD8A40 /* AppDelegate.m in Sources */ = {isa = PBXBuildFile; fileRef = AA5300FA1AE7FBEF00FD8A40 /* AppDelegate.m */; };
		AA5300FE1AE7FBEF00FD8A40 /* Test123.xcdatamodeld in Sources */ = {isa = PBXBuildFile; fileRef = AA5300FC1AE7FBEF00FD8A40 /* Test123.xcdatamodeld */; };
		AA5301011AE7FBEF00FD8A40 /* ViewController.m in Sources */ = {isa = PBXBuildFile; fileRef = AA5301001AE7FBEF00FD8A40 /* ViewController.m */; };
		AA5301041AE7FBEF00FD8A40 /* Main.storyboard in Resources */ = {isa = PBXBuildFile; fileRef = AA5301021AE7FBEF00FD8A40 /* Main.storyboard */; };
		AA5301061AE7FBEF00FD8A40 /* Images.xcassets in Resources */ = {isa = PBXBuildFile; fileRef = AA5301051AE7FBEF00FD8A40 /* Images.xcassets */; };
		AA5301091AE7FBEF00FD8A40 /* LaunchScreen.xib in Resources */ = {isa = PBXBuildFile; fileRef = AA5301071AE7FBEF00FD8A40 /* LaunchScreen.xib */; };
		AA5301151AE7FBEF00FD8A40 /* Test123Tests.m in Sources */ = {isa = PBXBuildFile; fileRef = AA5301141AE7FBEF00FD8A40 /* Test123Tests.m */; };
		AA5301261AE800E400FD8A40 /* City.m in Sources */ = {isa = PBXBuildFile; fileRef = AA5301251AE800E400FD8A40 /* City.m */; };
		AA5301291AE800E500FD8A40 /* User.m in Sources */ = {isa = PBXBuildFile; fileRef = AA5301281AE800E500FD8A40 /* User.m */; };
		AAF9FF421AEE94CE004492A6 /* Cas2Storyboard.storyboard in Resources */ = {isa = PBXBuildFile; fileRef = AAF9FF411AEE94CE004492A6 /* Cas2Storyboard.storyboard */; };
		AAF9FF461AEE9565004492A6 /* MainViewController.m in Sources */ = {isa = PBXBuildFile; fileRef = AAF9FF441AEE9565004492A6 /* MainViewController.m */; };
		AAF9FF471AEE9565004492A6 /* MainViewController.xib in Resources */ = {isa = PBXBuildFile; fileRef = AAF9FF451AEE9565004492A6 /* MainViewController.xib */; };
		AAF9FF4B1AEE9B10004492A6 /* UnreadTableViewCell.m in Sources */ = {isa = PBXBuildFile; fileRef = AAF9FF491AEE9B10004492A6 /* UnreadTableViewCell.m */; };
		AAF9FF4C1AEE9B10004492A6 /* UnreadTableViewCell.xib in Resources */ = {isa = PBXBuildFile; fileRef = AAF9FF4A1AEE9B10004492A6 /* UnreadTableViewCell.xib */; };
		AAF9FF591AEEB49A004492A6 /* FMDatabase.m in Sources */ = {isa = PBXBuildFile; fileRef = AAF9FF4F1AEEB49A004492A6 /* FMDatabase.m */; };
		AAF9FF5A1AEEB49A004492A6 /* FMDatabaseAdditions.m in Sources */ = {isa = PBXBuildFile; fileRef = AAF9FF511AEEB49A004492A6 /* FMDatabaseAdditions.m */; };
		AAF9FF5B1AEEB49A004492A6 /* FMDatabasePool.m in Sources */ = {isa = PBXBuildFile; fileRef = AAF9FF531AEEB49A004492A6 /* FMDatabasePool.m */; };
		AAF9FF5C1AEEB49A004492A6 /* FMDatabaseQueue.m in Sources */ = {isa = PBXBuildFile; fileRef = AAF9FF551AEEB49A004492A6 /* FMDatabaseQueue.m */; };
		AAF9FF5D1AEEB49A004492A6 /* FMResultSet.m in Sources */ = {isa = PBXBuildFile; fileRef = AAF9FF581AEEB49A004492A6 /* FMResultSet.m */; };
		AAF9FF5F1AEEB4E6004492A6 /* libsqlite3.dylib in Frameworks */ = {isa = PBXBuildFile; fileRef = AAF9FF5E1AEEB4E6004492A6 /* libsqlite3.dylib */; };
		AAF9FF631AEEB63C004492A6 /* sqliteNOTES.c in Sources */ = {isa = PBXBuildFile; fileRef = AAF9FF611AEEB63C004492A6 /* sqliteNOTES.c */; };
		AAF9FF651AEEBABF004492A6 /* moni.db in Resources */ = {isa = PBXBuildFile; fileRef = AAF9FF641AEEB69E004492A6 /* moni.db */; };
		AAF9FF661AEEBAC1004492A6 /* moni.db in Resources */ = {isa = PBXBuildFile; fileRef = AAF9FF641AEEB69E004492A6 /* moni.db */; };
		AAF9FF691AF13380004492A6 /* NOTES.c in Sources */ = {isa = PBXBuildFile; fileRef = AAF9FF671AF13380004492A6 /* NOTES.c */; };
		AAF9FF7A1AF135EF004492A6 /* GTMNSString+HTML.m in Sources */ = {isa = PBXBuildFile; fileRef = AAF9FF6C1AF135EF004492A6 /* GTMNSString+HTML.m */; };
		AAF9FF7B1AF135EF004492A6 /* MWFeedInfo.m in Sources */ = {isa = PBXBuildFile; fileRef = AAF9FF6E1AF135EF004492A6 /* MWFeedInfo.m */; };
		AAF9FF7C1AF135EF004492A6 /* MWFeedItem.m in Sources */ = {isa = PBXBuildFile; fileRef = AAF9FF701AF135EF004492A6 /* MWFeedItem.m */; };
		AAF9FF7D1AF135EF004492A6 /* MWFeedParser.m in Sources */ = {isa = PBXBuildFile; fileRef = AAF9FF731AF135EF004492A6 /* MWFeedParser.m */; };
		AAF9FF7E1AF135EF004492A6 /* NSDate+InternetDateTime.m in Sources */ = {isa = PBXBuildFile; fileRef = AAF9FF751AF135EF004492A6 /* NSDate+InternetDateTime.m */; };
		AAF9FF7F1AF135EF004492A6 /* NSString+HTML.m in Sources */ = {isa = PBXBuildFile; fileRef = AAF9FF771AF135EF004492A6 /* NSString+HTML.m */; };
		AAF9FF801AF135EF004492A6 /* NSString+XMLEntities.m in Sources */ = {isa = PBXBuildFile; fileRef = AAF9FF791AF135EF004492A6 /* NSString+XMLEntities.m */; };
		AAF9FF841AF13D37004492A6 /* DAONews.m in Sources */ = {isa = PBXBuildFile; fileRef = AAF9FF831AF13D37004492A6 /* DAONews.m */; };
		AAF9FF851AF14029004492A6 /* rss.db in Resources */ = {isa = PBXBuildFile; fileRef = AAF9FF811AF13C39004492A6 /* rss.db */; };
		AAF9FF861AF14029004492A6 /* rss.db in Resources */ = {isa = PBXBuildFile; fileRef = AAF9FF811AF13C39004492A6 /* rss.db */; };
		AAF9FF891AF14B91004492A6 /* TheRealStoryboard.storyboard in Resources */ = {isa = PBXBuildFile; fileRef = AAF9FF881AF14B91004492A6 /* TheRealStoryboard.storyboard */; };
		AAF9FF8D1AF14BD8004492A6 /* StartTableViewController.m in Sources */ = {isa = PBXBuildFile; fileRef = AAF9FF8B1AF14BD8004492A6 /* StartTableViewController.m */; };
		AAF9FF8E1AF14BD8004492A6 /* StartTableViewController.xib in Resources */ = {isa = PBXBuildFile; fileRef = AAF9FF8C1AF14BD8004492A6 /* StartTableViewController.xib */; };
/* End PBXBuildFile section */

/* Begin PBXContainerItemProxy section */
		AA53010F1AE7FBEF00FD8A40 /* PBXContainerItemProxy */ = {
			isa = PBXContainerItemProxy;
			containerPortal = AA5300EA1AE7FBEF00FD8A40 /* Project object */;
			proxyType = 1;
			remoteGlobalIDString = AA5300F11AE7FBEF00FD8A40;
			remoteInfo = Test123;
		};
/* End PBXContainerItemProxy section */

/* Begin PBXFileReference section */
		AA5300F21AE7FBEF00FD8A40 /* Test123.app */ = {isa = PBXFileReference; explicitFileType = wrapper.application; includeInIndex = 0; path = Test123.app; sourceTree = BUILT_PRODUCTS_DIR; };
		AA5300F61AE7FBEF00FD8A40 /* Info.plist */ = {isa = PBXFileReference; lastKnownFileType = text.plist.xml; path = Info.plist; sourceTree = "<group>"; };
		AA5300F71AE7FBEF00FD8A40 /* main.m */ = {isa = PBXFileReference; lastKnownFileType = sourcecode.c.objc; path = main.m; sourceTree = "<group>"; };
		AA5300F91AE7FBEF00FD8A40 /* AppDelegate.h */ = {isa = PBXFileReference; lastKnownFileType = sourcecode.c.h; path = AppDelegate.h; sourceTree = "<group>"; };
		AA5300FA1AE7FBEF00FD8A40 /* AppDelegate.m */ = {isa = PBXFileReference; lastKnownFileType = sourcecode.c.objc; path = AppDelegate.m; sourceTree = "<group>"; };
		AA5300FD1AE7FBEF00FD8A40 /* Test123.xcdatamodel */ = {isa = PBXFileReference; lastKnownFileType = wrapper.xcdatamodel; path = Test123.xcdatamodel; sourceTree = "<group>"; };
		AA5300FF1AE7FBEF00FD8A40 /* ViewController.h */ = {isa = PBXFileReference; lastKnownFileType = sourcecode.c.h; path = ViewController.h; sourceTree = "<group>"; };
		AA5301001AE7FBEF00FD8A40 /* ViewController.m */ = {isa = PBXFileReference; lastKnownFileType = sourcecode.c.objc; path = ViewController.m; sourceTree = "<group>"; };
		AA5301031AE7FBEF00FD8A40 /* Base */ = {isa = PBXFileReference; lastKnownFileType = file.storyboard; name = Base; path = Base.lproj/Main.storyboard; sourceTree = "<group>"; };
		AA5301051AE7FBEF00FD8A40 /* Images.xcassets */ = {isa = PBXFileReference; lastKnownFileType = folder.assetcatalog; path = Images.xcassets; sourceTree = "<group>"; };
		AA5301081AE7FBEF00FD8A40 /* Base */ = {isa = PBXFileReference; lastKnownFileType = file.xib; name = Base; path = Base.lproj/LaunchScreen.xib; sourceTree = "<group>"; };
		AA53010E1AE7FBEF00FD8A40 /* Test123Tests.xctest */ = {isa = PBXFileReference; explicitFileType = wrapper.cfbundle; includeInIndex = 0; path = Test123Tests.xctest; sourceTree = BUILT_PRODUCTS_DIR; };
		AA5301131AE7FBEF00FD8A40 /* Info.plist */ = {isa = PBXFileReference; lastKnownFileType = text.plist.xml; path = Info.plist; sourceTree = "<group>"; };
		AA5301141AE7FBEF00FD8A40 /* Test123Tests.m */ = {isa = PBXFileReference; lastKnownFileType = sourcecode.c.objc; path = Test123Tests.m; sourceTree = "<group>"; };
		AA5301241AE800E400FD8A40 /* City.h */ = {isa = PBXFileReference; fileEncoding = 4; lastKnownFileType = sourcecode.c.h; path = City.h; sourceTree = "<group>"; };
		AA5301251AE800E400FD8A40 /* City.m */ = {isa = PBXFileReference; fileEncoding = 4; lastKnownFileType = sourcecode.c.objc; path = City.m; sourceTree = "<group>"; };
		AA5301271AE800E500FD8A40 /* User.h */ = {isa = PBXFileReference; fileEncoding = 4; lastKnownFileType = sourcecode.c.h; path = User.h; sourceTree = "<group>"; };
		AA5301281AE800E500FD8A40 /* User.m */ = {isa = PBXFileReference; fileEncoding = 4; lastKnownFileType = sourcecode.c.objc; path = User.m; sourceTree = "<group>"; };
		AAF9FF411AEE94CE004492A6 /* Cas2Storyboard.storyboard */ = {isa = PBXFileReference; fileEncoding = 4; lastKnownFileType = file.storyboard; path = Cas2Storyboard.storyboard; sourceTree = "<group>"; };
		AAF9FF431AEE9565004492A6 /* MainViewController.h */ = {isa = PBXFileReference; fileEncoding = 4; lastKnownFileType = sourcecode.c.h; path = MainViewController.h; sourceTree = "<group>"; };
		AAF9FF441AEE9565004492A6 /* MainViewController.m */ = {isa = PBXFileReference; fileEncoding = 4; lastKnownFileType = sourcecode.c.objc; path = MainViewController.m; sourceTree = "<group>"; };
		AAF9FF451AEE9565004492A6 /* MainViewController.xib */ = {isa = PBXFileReference; fileEncoding = 4; lastKnownFileType = file.xib; path = MainViewController.xib; sourceTree = "<group>"; };
		AAF9FF481AEE9B10004492A6 /* UnreadTableViewCell.h */ = {isa = PBXFileReference; fileEncoding = 4; lastKnownFileType = sourcecode.c.h; path = UnreadTableViewCell.h; sourceTree = "<group>"; };
		AAF9FF491AEE9B10004492A6 /* UnreadTableViewCell.m */ = {isa = PBXFileReference; fileEncoding = 4; lastKnownFileType = sourcecode.c.objc; path = UnreadTableViewCell.m; sourceTree = "<group>"; };
		AAF9FF4A1AEE9B10004492A6 /* UnreadTableViewCell.xib */ = {isa = PBXFileReference; fileEncoding = 4; lastKnownFileType = file.xib; path = UnreadTableViewCell.xib; sourceTree = "<group>"; };
		AAF9FF4E1AEEB49A004492A6 /* FMDatabase.h */ = {isa = PBXFileReference; fileEncoding = 4; lastKnownFileType = sourcecode.c.h; path = FMDatabase.h; sourceTree = "<group>"; };
		AAF9FF4F1AEEB49A004492A6 /* FMDatabase.m */ = {isa = PBXFileReference; fileEncoding = 4; lastKnownFileType = sourcecode.c.objc; path = FMDatabase.m; sourceTree = "<group>"; };
		AAF9FF501AEEB49A004492A6 /* FMDatabaseAdditions.h */ = {isa = PBXFileReference; fileEncoding = 4; lastKnownFileType = sourcecode.c.h; path = FMDatabaseAdditions.h; sourceTree = "<group>"; };
		AAF9FF511AEEB49A004492A6 /* FMDatabaseAdditions.m */ = {isa = PBXFileReference; fileEncoding = 4; lastKnownFileType = sourcecode.c.objc; path = FMDatabaseAdditions.m; sourceTree = "<group>"; };
		AAF9FF521AEEB49A004492A6 /* FMDatabasePool.h */ = {isa = PBXFileReference; fileEncoding = 4; lastKnownFileType = sourcecode.c.h; path = FMDatabasePool.h; sourceTree = "<group>"; };
		AAF9FF531AEEB49A004492A6 /* FMDatabasePool.m */ = {isa = PBXFileReference; fileEncoding = 4; lastKnownFileType = sourcecode.c.objc; path = FMDatabasePool.m; sourceTree = "<group>"; };
		AAF9FF541AEEB49A004492A6 /* FMDatabaseQueue.h */ = {isa = PBXFileReference; fileEncoding = 4; lastKnownFileType = sourcecode.c.h; path = FMDatabaseQueue.h; sourceTree = "<group>"; };
		AAF9FF551AEEB49A004492A6 /* FMDatabaseQueue.m */ = {isa = PBXFileReference; fileEncoding = 4; lastKnownFileType = sourcecode.c.objc; path = FMDatabaseQueue.m; sourceTree = "<group>"; };
		AAF9FF561AEEB49A004492A6 /* FMDB.h */ = {isa = PBXFileReference; fileEncoding = 4; lastKnownFileType = sourcecode.c.h; path = FMDB.h; sourceTree = "<group>"; };
		AAF9FF571AEEB49A004492A6 /* FMResultSet.h */ = {isa = PBXFileReference; fileEncoding = 4; lastKnownFileType = sourcecode.c.h; path = FMResultSet.h; sourceTree = "<group>"; };
		AAF9FF581AEEB49A004492A6 /* FMResultSet.m */ = {isa = PBXFileReference; fileEncoding = 4; lastKnownFileType = sourcecode.c.objc; path = FMResultSet.m; sourceTree = "<group>"; };
		AAF9FF5E1AEEB4E6004492A6 /* libsqlite3.dylib */ = {isa = PBXFileReference; lastKnownFileType = "compiled.mach-o.dylib"; name = libsqlite3.dylib; path = usr/lib/libsqlite3.dylib; sourceTree = SDKROOT; };
		AAF9FF611AEEB63C004492A6 /* sqliteNOTES.c */ = {isa = PBXFileReference; fileEncoding = 4; lastKnownFileType = sourcecode.c.c; path = sqliteNOTES.c; sourceTree = "<group>"; };
		AAF9FF621AEEB63C004492A6 /* sqliteNOTES.h */ = {isa = PBXFileReference; fileEncoding = 4; lastKnownFileType = sourcecode.c.h; path = sqliteNOTES.h; sourceTree = "<group>"; };
		AAF9FF641AEEB69E004492A6 /* moni.db */ = {isa = PBXFileReference; lastKnownFileType = file; path = moni.db; sourceTree = "<group>"; };
		AAF9FF671AF13380004492A6 /* NOTES.c */ = {isa = PBXFileReference; fileEncoding = 4; lastKnownFileType = sourcecode.c.c; path = NOTES.c; sourceTree = "<group>"; };
		AAF9FF681AF13380004492A6 /* NOTES.h */ = {isa = PBXFileReference; fileEncoding = 4; lastKnownFileType = sourcecode.c.h; path = NOTES.h; sourceTree = "<group>"; };
		AAF9FF6B1AF135EF004492A6 /* GTMNSString+HTML.h */ = {isa = PBXFileReference; fileEncoding = 4; lastKnownFileType = sourcecode.c.h; name = "GTMNSString+HTML.h"; path = "../GTMNSString+HTML.h"; sourceTree = "<group>"; };
		AAF9FF6C1AF135EF004492A6 /* GTMNSString+HTML.m */ = {isa = PBXFileReference; fileEncoding = 4; lastKnownFileType = sourcecode.c.objc; name = "GTMNSString+HTML.m"; path = "../GTMNSString+HTML.m"; sourceTree = "<group>"; };
		AAF9FF6D1AF135EF004492A6 /* MWFeedInfo.h */ = {isa = PBXFileReference; fileEncoding = 4; lastKnownFileType = sourcecode.c.h; name = MWFeedInfo.h; path = ../MWFeedInfo.h; sourceTree = "<group>"; };
		AAF9FF6E1AF135EF004492A6 /* MWFeedInfo.m */ = {isa = PBXFileReference; fileEncoding = 4; lastKnownFileType = sourcecode.c.objc; name = MWFeedInfo.m; path = ../MWFeedInfo.m; sourceTree = "<group>"; };
		AAF9FF6F1AF135EF004492A6 /* MWFeedItem.h */ = {isa = PBXFileReference; fileEncoding = 4; lastKnownFileType = sourcecode.c.h; name = MWFeedItem.h; path = ../MWFeedItem.h; sourceTree = "<group>"; };
		AAF9FF701AF135EF004492A6 /* MWFeedItem.m */ = {isa = PBXFileReference; fileEncoding = 4; lastKnownFileType = sourcecode.c.objc; name = MWFeedItem.m; path = ../MWFeedItem.m; sourceTree = "<group>"; };
		AAF9FF711AF135EF004492A6 /* MWFeedParser_Private.h */ = {isa = PBXFileReference; fileEncoding = 4; lastKnownFileType = sourcecode.c.h; name = MWFeedParser_Private.h; path = ../MWFeedParser_Private.h; sourceTree = "<group>"; };
		AAF9FF721AF135EF004492A6 /* MWFeedParser.h */ = {isa = PBXFileReference; fileEncoding = 4; lastKnownFileType = sourcecode.c.h; name = MWFeedParser.h; path = ../MWFeedParser.h; sourceTree = "<group>"; };
		AAF9FF731AF135EF004492A6 /* MWFeedParser.m */ = {isa = PBXFileReference; fileEncoding = 4; lastKnownFileType = sourcecode.c.objc; name = MWFeedParser.m; path = ../MWFeedParser.m; sourceTree = "<group>"; };
		AAF9FF741AF135EF004492A6 /* NSDate+InternetDateTime.h */ = {isa = PBXFileReference; fileEncoding = 4; lastKnownFileType = sourcecode.c.h; name = "NSDate+InternetDateTime.h"; path = "../NSDate+InternetDateTime.h"; sourceTree = "<group>"; };
		AAF9FF751AF135EF004492A6 /* NSDate+InternetDateTime.m */ = {isa = PBXFileReference; fileEncoding = 4; lastKnownFileType = sourcecode.c.objc; name = "NSDate+InternetDateTime.m"; path = "../NSDate+InternetDateTime.m"; sourceTree = "<group>"; };
		AAF9FF761AF135EF004492A6 /* NSString+HTML.h */ = {isa = PBXFileReference; fileEncoding = 4; lastKnownFileType = sourcecode.c.h; name = "NSString+HTML.h"; path = "../NSString+HTML.h"; sourceTree = "<group>"; };
		AAF9FF771AF135EF004492A6 /* NSString+HTML.m */ = {isa = PBXFileReference; fileEncoding = 4; lastKnownFileType = sourcecode.c.objc; name = "NSString+HTML.m"; path = "../NSString+HTML.m"; sourceTree = "<group>"; };
		AAF9FF781AF135EF004492A6 /* NSString+XMLEntities.h */ = {isa = PBXFileReference; fileEncoding = 4; lastKnownFileType = sourcecode.c.h; name = "NSString+XMLEntities.h"; path = "../NSString+XMLEntities.h"; sourceTree = "<group>"; };
		AAF9FF791AF135EF004492A6 /* NSString+XMLEntities.m */ = {isa = PBXFileReference; fileEncoding = 4; lastKnownFileType = sourcecode.c.objc; name = "NSString+XMLEntities.m"; path = "../NSString+XMLEntities.m"; sourceTree = "<group>"; };
		AAF9FF811AF13C39004492A6 /* rss.db */ = {isa = PBXFileReference; lastKnownFileType = file; name = rss.db; path = fmdb/rss.db; sourceTree = "<group>"; };
		AAF9FF821AF13D37004492A6 /* DAONews.h */ = {isa = PBXFileReference; fileEncoding = 4; lastKnownFileType = sourcecode.c.h; path = DAONews.h; sourceTree = "<group>"; };
		AAF9FF831AF13D37004492A6 /* DAONews.m */ = {isa = PBXFileReference; fileEncoding = 4; lastKnownFileType = sourcecode.c.objc; path = DAONews.m; sourceTree = "<group>"; };
		AAF9FF881AF14B91004492A6 /* TheRealStoryboard.storyboard */ = {isa = PBXFileReference; fileEncoding = 4; lastKnownFileType = file.storyboard; path = TheRealStoryboard.storyboard; sourceTree = "<group>"; };
		AAF9FF8A1AF14BD8004492A6 /* StartTableViewController.h */ = {isa = PBXFileReference; fileEncoding = 4; lastKnownFileType = sourcecode.c.h; path = StartTableViewController.h; sourceTree = "<group>"; };
		AAF9FF8B1AF14BD8004492A6 /* StartTableViewController.m */ = {isa = PBXFileReference; fileEncoding = 4; lastKnownFileType = sourcecode.c.objc; path = StartTableViewController.m; sourceTree = "<group>"; };
		AAF9FF8C1AF14BD8004492A6 /* StartTableViewController.xib */ = {isa = PBXFileReference; fileEncoding = 4; lastKnownFileType = file.xib; path = StartTableViewController.xib; sourceTree = "<group>"; };
/* End PBXFileReference section */

/* Begin PBXFrameworksBuildPhase section */
		AA5300EF1AE7FBEF00FD8A40 /* Frameworks */ = {
			isa = PBXFrameworksBuildPhase;
			buildActionMask = 2147483647;
			files = (
				AAF9FF5F1AEEB4E6004492A6 /* libsqlite3.dylib in Frameworks */,
			);
			runOnlyForDeploymentPostprocessing = 0;
		};
		AA53010B1AE7FBEF00FD8A40 /* Frameworks */ = {
			isa = PBXFrameworksBuildPhase;
			buildActionMask = 2147483647;
			files = (
			);
			runOnlyForDeploymentPostprocessing = 0;
		};
/* End PBXFrameworksBuildPhase section */

/* Begin PBXGroup section */
		AA5300E91AE7FBEF00FD8A40 = {
			isa = PBXGroup;
			children = (
				AAF9FF871AF14B75004492A6 /* theRealProject */,
				AAF9FF6A1AF1347E004492A6 /* RSS */,
				AAF9FF671AF13380004492A6 /* NOTES.c */,
				AAF9FF681AF13380004492A6 /* NOTES.h */,
				AAF9FF601AEEB624004492A6 /* sqliteCmds */,
				AAF9FF5E1AEEB4E6004492A6 /* libsqlite3.dylib */,
				AA5300F41AE7FBEF00FD8A40 /* Test123 */,
				AA5301111AE7FBEF00FD8A40 /* Test123Tests */,
				AA5300F31AE7FBEF00FD8A40 /* Products */,
				AAF9FF811AF13C39004492A6 /* rss.db */,
				AAF9FF4D1AEEB49A004492A6 /* fmdb */,
			);
			sourceTree = "<group>";
		};
		AA5300F31AE7FBEF00FD8A40 /* Products */ = {
			isa = PBXGroup;
			children = (
				AA5300F21AE7FBEF00FD8A40 /* Test123.app */,
				AA53010E1AE7FBEF00FD8A40 /* Test123Tests.xctest */,
			);
			name = Products;
			sourceTree = "<group>";
		};
		AA5300F41AE7FBEF00FD8A40 /* Test123 */ = {
			isa = PBXGroup;
			children = (
				AAF9FF401AEE92F1004492A6 /* cas2TableView */,
				AA5300F91AE7FBEF00FD8A40 /* AppDelegate.h */,
				AA5300FA1AE7FBEF00FD8A40 /* AppDelegate.m */,
				AA5300FF1AE7FBEF00FD8A40 /* ViewController.h */,
				AA5301001AE7FBEF00FD8A40 /* ViewController.m */,
				AA5301021AE7FBEF00FD8A40 /* Main.storyboard */,
				AA5301051AE7FBEF00FD8A40 /* Images.xcassets */,
				AA5301071AE7FBEF00FD8A40 /* LaunchScreen.xib */,
				AA5300FC1AE7FBEF00FD8A40 /* Test123.xcdatamodeld */,
				AA5301271AE800E500FD8A40 /* User.h */,
				AA5301281AE800E500FD8A40 /* User.m */,
				AA5301241AE800E400FD8A40 /* City.h */,
				AA5301251AE800E400FD8A40 /* City.m */,
				AA5300F51AE7FBEF00FD8A40 /* Supporting Files */,
			);
			path = Test123;
			sourceTree = "<group>";
		};
		AA5300F51AE7FBEF00FD8A40 /* Supporting Files */ = {
			isa = PBXGroup;
			children = (
				AA5300F61AE7FBEF00FD8A40 /* Info.plist */,
				AA5300F71AE7FBEF00FD8A40 /* main.m */,
			);
			name = "Supporting Files";
			sourceTree = "<group>";
		};
		AA5301111AE7FBEF00FD8A40 /* Test123Tests */ = {
			isa = PBXGroup;
			children = (
				AA5301141AE7FBEF00FD8A40 /* Test123Tests.m */,
				AA5301121AE7FBEF00FD8A40 /* Supporting Files */,
			);
			path = Test123Tests;
			sourceTree = "<group>";
		};
		AA5301121AE7FBEF00FD8A40 /* Supporting Files */ = {
			isa = PBXGroup;
			children = (
				AA5301131AE7FBEF00FD8A40 /* Info.plist */,
			);
			name = "Supporting Files";
			sourceTree = "<group>";
		};
		AAF9FF401AEE92F1004492A6 /* cas2TableView */ = {
			isa = PBXGroup;
			children = (
				AAF9FF411AEE94CE004492A6 /* Cas2Storyboard.storyboard */,
				AAF9FF431AEE9565004492A6 /* MainViewController.h */,
				AAF9FF441AEE9565004492A6 /* MainViewController.m */,
				AAF9FF451AEE9565004492A6 /* MainViewController.xib */,
				AAF9FF481AEE9B10004492A6 /* UnreadTableViewCell.h */,
				AAF9FF491AEE9B10004492A6 /* UnreadTableViewCell.m */,
				AAF9FF4A1AEE9B10004492A6 /* UnreadTableViewCell.xib */,
			);
			path = cas2TableView;
			sourceTree = "<group>";
		};
		AAF9FF4D1AEEB49A004492A6 /* fmdb */ = {
			isa = PBXGroup;
			children = (
				AAF9FF4E1AEEB49A004492A6 /* FMDatabase.h */,
				AAF9FF4F1AEEB49A004492A6 /* FMDatabase.m */,
				AAF9FF501AEEB49A004492A6 /* FMDatabaseAdditions.h */,
				AAF9FF511AEEB49A004492A6 /* FMDatabaseAdditions.m */,
				AAF9FF521AEEB49A004492A6 /* FMDatabasePool.h */,
				AAF9FF531AEEB49A004492A6 /* FMDatabasePool.m */,
				AAF9FF541AEEB49A004492A6 /* FMDatabaseQueue.h */,
				AAF9FF551AEEB49A004492A6 /* FMDatabaseQueue.m */,
				AAF9FF561AEEB49A004492A6 /* FMDB.h */,
				AAF9FF571AEEB49A004492A6 /* FMResultSet.h */,
				AAF9FF581AEEB49A004492A6 /* FMResultSet.m */,
			);
			path = fmdb;
			sourceTree = "<group>";
		};
		AAF9FF601AEEB624004492A6 /* sqliteCmds */ = {
			isa = PBXGroup;
			children = (
				AAF9FF641AEEB69E004492A6 /* moni.db */,
				AAF9FF611AEEB63C004492A6 /* sqliteNOTES.c */,
				AAF9FF621AEEB63C004492A6 /* sqliteNOTES.h */,
			);
			path = sqliteCmds;
			sourceTree = "<group>";
		};
		AAF9FF6A1AF1347E004492A6 /* RSS */ = {
			isa = PBXGroup;
			children = (
				AAF9FF6B1AF135EF004492A6 /* GTMNSString+HTML.h */,
				AAF9FF6C1AF135EF004492A6 /* GTMNSString+HTML.m */,
				AAF9FF6D1AF135EF004492A6 /* MWFeedInfo.h */,
				AAF9FF6E1AF135EF004492A6 /* MWFeedInfo.m */,
				AAF9FF6F1AF135EF004492A6 /* MWFeedItem.h */,
				AAF9FF701AF135EF004492A6 /* MWFeedItem.m */,
				AAF9FF711AF135EF004492A6 /* MWFeedParser_Private.h */,
				AAF9FF721AF135EF004492A6 /* MWFeedParser.h */,
				AAF9FF731AF135EF004492A6 /* MWFeedParser.m */,
				AAF9FF741AF135EF004492A6 /* NSDate+InternetDateTime.h */,
				AAF9FF751AF135EF004492A6 /* NSDate+InternetDateTime.m */,
				AAF9FF761AF135EF004492A6 /* NSString+HTML.h */,
				AAF9FF771AF135EF004492A6 /* NSString+HTML.m */,
				AAF9FF781AF135EF004492A6 /* NSString+XMLEntities.h */,
				AAF9FF791AF135EF004492A6 /* NSString+XMLEntities.m */,
				AAF9FF821AF13D37004492A6 /* DAONews.h */,
				AAF9FF831AF13D37004492A6 /* DAONews.m */,
			);
			path = RSS;
			sourceTree = "<group>";
		};
		AAF9FF871AF14B75004492A6 /* theRealProject */ = {
			isa = PBXGroup;
			children = (
				AAF9FF881AF14B91004492A6 /* TheRealStoryboard.storyboard */,
				AAF9FF8A1AF14BD8004492A6 /* StartTableViewController.h */,
				AAF9FF8B1AF14BD8004492A6 /* StartTableViewController.m */,
				AAF9FF8C1AF14BD8004492A6 /* StartTableViewController.xib */,
			);
			path = theRealProject;
			sourceTree = "<group>";
		};
/* End PBXGroup section */

/* Begin PBXNativeTarget section */
		AA5300F11AE7FBEF00FD8A40 /* Test123 */ = {
			isa = PBXNativeTarget;
			buildConfigurationList = AA5301181AE7FBEF00FD8A40 /* Build configuration list for PBXNativeTarget "Test123" */;
			buildPhases = (
				AA5300EE1AE7FBEF00FD8A40 /* Sources */,
				AA5300EF1AE7FBEF00FD8A40 /* Frameworks */,
				AA5300F01AE7FBEF00FD8A40 /* Resources */,
			);
			buildRules = (
			);
			dependencies = (
			);
			name = Test123;
			productName = Test123;
			productReference = AA5300F21AE7FBEF00FD8A40 /* Test123.app */;
			productType = "com.apple.product-type.application";
		};
		AA53010D1AE7FBEF00FD8A40 /* Test123Tests */ = {
			isa = PBXNativeTarget;
			buildConfigurationList = AA53011B1AE7FBEF00FD8A40 /* Build configuration list for PBXNativeTarget "Test123Tests" */;
			buildPhases = (
				AA53010A1AE7FBEF00FD8A40 /* Sources */,
				AA53010B1AE7FBEF00FD8A40 /* Frameworks */,
				AA53010C1AE7FBEF00FD8A40 /* Resources */,
			);
			buildRules = (
			);
			dependencies = (
				AA5301101AE7FBEF00FD8A40 /* PBXTargetDependency */,
			);
			name = Test123Tests;
			productName = Test123Tests;
			productReference = AA53010E1AE7FBEF00FD8A40 /* Test123Tests.xctest */;
			productType = "com.apple.product-type.bundle.unit-test";
		};
/* End PBXNativeTarget section */

/* Begin PBXProject section */
		AA5300EA1AE7FBEF00FD8A40 /* Project object */ = {
			isa = PBXProject;
			attributes = {
				LastUpgradeCheck = 0610;
				ORGANIZATIONNAME = "Design Academy 5";
				TargetAttributes = {
					AA5300F11AE7FBEF00FD8A40 = {
						CreatedOnToolsVersion = 6.1.1;
					};
					AA53010D1AE7FBEF00FD8A40 = {
						CreatedOnToolsVersion = 6.1.1;
						TestTargetID = AA5300F11AE7FBEF00FD8A40;
					};
				};
			};
			buildConfigurationList = AA5300ED1AE7FBEF00FD8A40 /* Build configuration list for PBXProject "Test123" */;
			compatibilityVersion = "Xcode 3.2";
			developmentRegion = English;
			hasScannedForEncodings = 0;
			knownRegions = (
				en,
				Base,
			);
			mainGroup = AA5300E91AE7FBEF00FD8A40;
			productRefGroup = AA5300F31AE7FBEF00FD8A40 /* Products */;
			projectDirPath = "";
			projectRoot = "";
			targets = (
				AA5300F11AE7FBEF00FD8A40 /* Test123 */,
				AA53010D1AE7FBEF00FD8A40 /* Test123Tests */,
			);
		};
/* End PBXProject section */

/* Begin PBXResourcesBuildPhase section */
		AA5300F01AE7FBEF00FD8A40 /* Resources */ = {
			isa = PBXResourcesBuildPhase;
			buildActionMask = 2147483647;
			files = (
				AAF9FF4C1AEE9B10004492A6 /* UnreadTableViewCell.xib in Resources */,
				AAF9FF891AF14B91004492A6 /* TheRealStoryboard.storyboard in Resources */,
				AA5301041AE7FBEF00FD8A40 /* Main.storyboard in Resources */,
				AAF9FF861AF14029004492A6 /* rss.db in Resources */,
				AA5301091AE7FBEF00FD8A40 /* LaunchScreen.xib in Resources */,
				AAF9FF471AEE9565004492A6 /* MainViewController.xib in Resources */,
				AAF9FF421AEE94CE004492A6 /* Cas2Storyboard.storyboard in Resources */,
				AA5301061AE7FBEF00FD8A40 /* Images.xcassets in Resources */,
				AAF9FF8E1AF14BD8004492A6 /* StartTableViewController.xib in Resources */,
				AAF9FF651AEEBABF004492A6 /* moni.db in Resources */,
			);
			runOnlyForDeploymentPostprocessing = 0;
		};
		AA53010C1AE7FBEF00FD8A40 /* Resources */ = {
			isa = PBXResourcesBuildPhase;
			buildActionMask = 2147483647;
			files = (
				AAF9FF851AF14029004492A6 /* rss.db in Resources */,
				AAF9FF661AEEBAC1004492A6 /* moni.db in Resources */,
			);
			runOnlyForDeploymentPostprocessing = 0;
		};
/* End PBXResourcesBuildPhase section */

/* Begin PBXSourcesBuildPhase section */
		AA5300EE1AE7FBEF00FD8A40 /* Sources */ = {
			isa = PBXSourcesBuildPhase;
			buildActionMask = 2147483647;
			files = (
				AA5301261AE800E400FD8A40 /* City.m in Sources */,
				AAF9FF631AEEB63C004492A6 /* sqliteNOTES.c in Sources */,
				AAF9FF8D1AF14BD8004492A6 /* StartTableViewController.m in Sources */,
				AAF9FF841AF13D37004492A6 /* DAONews.m in Sources */,
				AA5300FB1AE7FBEF00FD8A40 /* AppDelegate.m in Sources */,
				AAF9FF4B1AEE9B10004492A6 /* UnreadTableViewCell.m in Sources */,
				AAF9FF7E1AF135EF004492A6 /* NSDate+InternetDateTime.m in Sources */,
				AAF9FF591AEEB49A004492A6 /* FMDatabase.m in Sources */,
				AAF9FF801AF135EF004492A6 /* NSString+XMLEntities.m in Sources */,
				AA5301291AE800E500FD8A40 /* User.m in Sources */,
				AAF9FF691AF13380004492A6 /* NOTES.c in Sources */,
				AAF9FF5C1AEEB49A004492A6 /* FMDatabaseQueue.m in Sources */,
				AAF9FF7D1AF135EF004492A6 /* MWFeedParser.m in Sources */,
				AAF9FF7F1AF135EF004492A6 /* NSString+HTML.m in Sources */,
				AAF9FF5D1AEEB49A004492A6 /* FMResultSet.m in Sources */,
				AAF9FF5B1AEEB49A004492A6 /* FMDatabasePool.m in Sources */,
				AA5300FE1AE7FBEF00FD8A40 /* Test123.xcdatamodeld in Sources */,
				AAF9FF7B1AF135EF004492A6 /* MWFeedInfo.m in Sources */,
				AAF9FF7C1AF135EF004492A6 /* MWFeedItem.m in Sources */,
				AAF9FF461AEE9565004492A6 /* MainViewController.m in Sources */,
				AA5301011AE7FBEF00FD8A40 /* ViewController.m in Sources */,
				AAF9FF7A1AF135EF004492A6 /* GTMNSString+HTML.m in Sources */,
				AA5300F81AE7FBEF00FD8A40 /* main.m in Sources */,
				AAF9FF5A1AEEB49A004492A6 /* FMDatabaseAdditions.m in Sources */,
			);
			runOnlyForDeploymentPostprocessing = 0;
		};
		AA53010A1AE7FBEF00FD8A40 /* Sources */ = {
			isa = PBXSourcesBuildPhase;
			buildActionMask = 2147483647;
			files = (
				AA5301151AE7FBEF00FD8A40 /* Test123Tests.m in Sources */,
			);
			runOnlyForDeploymentPostprocessing = 0;
		};
/* End PBXSourcesBuildPhase section */

/* Begin PBXTargetDependency section */
		AA5301101AE7FBEF00FD8A40 /* PBXTargetDependency */ = {
			isa = PBXTargetDependency;
			target = AA5300F11AE7FBEF00FD8A40 /* Test123 */;
			targetProxy = AA53010F1AE7FBEF00FD8A40 /* PBXContainerItemProxy */;
		};
/* End PBXTargetDependency section */

/* Begin PBXVariantGroup section */
		AA5301021AE7FBEF00FD8A40 /* Main.storyboard */ = {
			isa = PBXVariantGroup;
			children = (
				AA5301031AE7FBEF00FD8A40 /* Base */,
			);
			name = Main.storyboard;
			sourceTree = "<group>";
		};
		AA5301071AE7FBEF00FD8A40 /* LaunchScreen.xib */ = {
			isa = PBXVariantGroup;
			children = (
				AA5301081AE7FBEF00FD8A40 /* Base */,
			);
			name = LaunchScreen.xib;
			sourceTree = "<group>";
		};
/* End PBXVariantGroup section */

/* Begin XCBuildConfiguration section */
		AA5301161AE7FBEF00FD8A40 /* Debug */ = {
			isa = XCBuildConfiguration;
			buildSettings = {
				ALWAYS_SEARCH_USER_PATHS = NO;
				CLANG_CXX_LANGUAGE_STANDARD = "gnu++0x";
				CLANG_CXX_LIBRARY = "libc++";
				CLANG_ENABLE_MODULES = YES;
				CLANG_ENABLE_OBJC_ARC = YES;
				CLANG_WARN_BOOL_CONVERSION = YES;
				CLANG_WARN_CONSTANT_CONVERSION = YES;
				CLANG_WARN_DIRECT_OBJC_ISA_USAGE = YES_ERROR;
				CLANG_WARN_EMPTY_BODY = YES;
				CLANG_WARN_ENUM_CONVERSION = YES;
				CLANG_WARN_INT_CONVERSION = YES;
				CLANG_WARN_OBJC_ROOT_CLASS = YES_ERROR;
				CLANG_WARN_UNREACHABLE_CODE = YES;
				CLANG_WARN__DUPLICATE_METHOD_MATCH = YES;
				"CODE_SIGN_IDENTITY[sdk=iphoneos*]" = "iPhone Developer";
				COPY_PHASE_STRIP = NO;
				ENABLE_STRICT_OBJC_MSGSEND = YES;
				GCC_C_LANGUAGE_STANDARD = gnu99;
				GCC_DYNAMIC_NO_PIC = NO;
				GCC_OPTIMIZATION_LEVEL = 0;
				GCC_PREPROCESSOR_DEFINITIONS = (
					"DEBUG=1",
					"$(inherited)",
				);
				GCC_SYMBOLS_PRIVATE_EXTERN = NO;
				GCC_WARN_64_TO_32_BIT_CONVERSION = YES;
				GCC_WARN_ABOUT_RETURN_TYPE = YES_ERROR;
				GCC_WARN_UNDECLARED_SELECTOR = YES;
				GCC_WARN_UNINITIALIZED_AUTOS = YES_AGGRESSIVE;
				GCC_WARN_UNUSED_FUNCTION = YES;
				GCC_WARN_UNUSED_VARIABLE = YES;
				IPHONEOS_DEPLOYMENT_TARGET = 8.1;
				MTL_ENABLE_DEBUG_INFO = YES;
				ONLY_ACTIVE_ARCH = YES;
				SDKROOT = iphoneos;
				TARGETED_DEVICE_FAMILY = "1,2";
			};
			name = Debug;
		};
		AA5301171AE7FBEF00FD8A40 /* Release */ = {
			isa = XCBuildConfiguration;
			buildSettings = {
				ALWAYS_SEARCH_USER_PATHS = NO;
				CLANG_CXX_LANGUAGE_STANDARD = "gnu++0x";
				CLANG_CXX_LIBRARY = "libc++";
				CLANG_ENABLE_MODULES = YES;
				CLANG_ENABLE_OBJC_ARC = YES;
				CLANG_WARN_BOOL_CONVERSION = YES;
				CLANG_WARN_CONSTANT_CONVERSION = YES;
				CLANG_WARN_DIRECT_OBJC_ISA_USAGE = YES_ERROR;
				CLANG_WARN_EMPTY_BODY = YES;
				CLANG_WARN_ENUM_CONVERSION = YES;
				CLANG_WARN_INT_CONVERSION = YES;
				CLANG_WARN_OBJC_ROOT_CLASS = YES_ERROR;
				CLANG_WARN_UNREACHABLE_CODE = YES;
				CLANG_WARN__DUPLICATE_METHOD_MATCH = YES;
				"CODE_SIGN_IDENTITY[sdk=iphoneos*]" = "iPhone Developer";
				COPY_PHASE_STRIP = YES;
				ENABLE_NS_ASSERTIONS = NO;
				ENABLE_STRICT_OBJC_MSGSEND = YES;
				GCC_C_LANGUAGE_STANDARD = gnu99;
				GCC_WARN_64_TO_32_BIT_CONVERSION = YES;
				GCC_WARN_ABOUT_RETURN_TYPE = YES_ERROR;
				GCC_WARN_UNDECLARED_SELECTOR = YES;
				GCC_WARN_UNINITIALIZED_AUTOS = YES_AGGRESSIVE;
				GCC_WARN_UNUSED_FUNCTION = YES;
				GCC_WARN_UNUSED_VARIABLE = YES;
				IPHONEOS_DEPLOYMENT_TARGET = 8.1;
				MTL_ENABLE_DEBUG_INFO = NO;
				SDKROOT = iphoneos;
				TARGETED_DEVICE_FAMILY = "1,2";
				VALIDATE_PRODUCT = YES;
			};
			name = Release;
		};
		AA5301191AE7FBEF00FD8A40 /* Debug */ = {
			isa = XCBuildConfiguration;
			buildSettings = {
				ASSETCATALOG_COMPILER_APPICON_NAME = AppIcon;
				INFOPLIST_FILE = Test123/Info.plist;
				LD_RUNPATH_SEARCH_PATHS = "$(inherited) @executable_path/Frameworks";
				PRODUCT_NAME = "$(TARGET_NAME)";
			};
			name = Debug;
		};
		AA53011A1AE7FBEF00FD8A40 /* Release */ = {
			isa = XCBuildConfiguration;
			buildSettings = {
				ASSETCATALOG_COMPILER_APPICON_NAME = AppIcon;
				INFOPLIST_FILE = Test123/Info.plist;
				LD_RUNPATH_SEARCH_PATHS = "$(inherited) @executable_path/Frameworks";
				PRODUCT_NAME = "$(TARGET_NAME)";
			};
			name = Release;
		};
		AA53011C1AE7FBEF00FD8A40 /* Debug */ = {
			isa = XCBuildConfiguration;
			buildSettings = {
				BUNDLE_LOADER = "$(TEST_HOST)";
				FRAMEWORK_SEARCH_PATHS = (
					"$(SDKROOT)/Developer/Library/Frameworks",
					"$(inherited)",
				);
				GCC_PREPROCESSOR_DEFINITIONS = (
					"DEBUG=1",
					"$(inherited)",
				);
				INFOPLIST_FILE = Test123Tests/Info.plist;
				LD_RUNPATH_SEARCH_PATHS = "$(inherited) @executable_path/Frameworks @loader_path/Frameworks";
				PRODUCT_NAME = "$(TARGET_NAME)";
				TEST_HOST = "$(BUILT_PRODUCTS_DIR)/Test123.app/Test123";
			};
			name = Debug;
		};
		AA53011D1AE7FBEF00FD8A40 /* Release */ = {
			isa = XCBuildConfiguration;
			buildSettings = {
				BUNDLE_LOADER = "$(TEST_HOST)";
				FRAMEWORK_SEARCH_PATHS = (
					"$(SDKROOT)/Developer/Library/Frameworks",
					"$(inherited)",
				);
				INFOPLIST_FILE = Test123Tests/Info.plist;
				LD_RUNPATH_SEARCH_PATHS = "$(inherited) @executable_path/Frameworks @loader_path/Frameworks";
				PRODUCT_NAME = "$(TARGET_NAME)";
				TEST_HOST = "$(BUILT_PRODUCTS_DIR)/Test123.app/Test123";
			};
			name = Release;
		};
/* End XCBuildConfiguration section */

/* Begin XCConfigurationList section */
		AA5300ED1AE7FBEF00FD8A40 /* Build configuration list for PBXProject "Test123" */ = {
			isa = XCConfigurationList;
			buildConfigurations = (
				AA5301161AE7FBEF00FD8A40 /* Debug */,
				AA5301171AE7FBEF00FD8A40 /* Release */,
			);
			defaultConfigurationIsVisible = 0;
			defaultConfigurationName = Release;
		};
		AA5301181AE7FBEF00FD8A40 /* Build configuration list for PBXNativeTarget "Test123" */ = {
			isa = XCConfigurationList;
			buildConfigurations = (
				AA5301191AE7FBEF00FD8A40 /* Debug */,
				AA53011A1AE7FBEF00FD8A40 /* Release */,
			);
			defaultConfigurationIsVisible = 0;
			defaultConfigurationName = Release;
		};
		AA53011B1AE7FBEF00FD8A40 /* Build configuration list for PBXNativeTarget "Test123Tests" */ = {
			isa = XCConfigurationList;
			buildConfigurations = (
				AA53011C1AE7FBEF00FD8A40 /* Debug */,
				AA53011D1AE7FBEF00FD8A40 /* Release */,
			);
			defaultConfigurationIsVisible = 0;
			defaultConfigurationName = Release;
		};
/* End XCConfigurationList section */

/* Begin XCVersionGroup section */
		AA5300FC1AE7FBEF00FD8A40 /* Test123.xcdatamodeld */ = {
			isa = XCVersionGroup;
			children = (
				AA5300FD1AE7FBEF00FD8A40 /* Test123.xcdatamodel */,
			);
			currentVersion = AA5300FD1AE7FBEF00FD8A40 /* Test123.xcdatamodel */;
			path = Test123.xcdatamodeld;
			sourceTree = "<group>";
			versionGroupType = wrapper.xcdatamodel;
		};
/* End XCVersionGroup section */
	};
	rootObject = AA5300EA1AE7FBEF00FD8A40 /* Project object */;
}
