// !$*UTF8*$!
{
	archiveVersion = 1;
	classes = {
	};
	objectVersion = 46;
	objects = {

/* Begin PBXBuildFile section */
		AAF9FFA81AF7CE3C004492A6 /* main.m in Sources */ = {isa = PBXBuildFile; fileRef = AAF9FFA71AF7CE3C004492A6 /* main.m */; };
		AAF9FFAB1AF7CE3C004492A6 /* AppDelegate.m in Sources */ = {isa = PBXBuildFile; fileRef = AAF9FFAA1AF7CE3C004492A6 /* AppDelegate.m */; };
		AAF9FFAE1AF7CE3C004492A6 /* TestCas4.xcdatamodeld in Sources */ = {isa = PBXBuildFile; fileRef = AAF9FFAC1AF7CE3C004492A6 /* TestCas4.xcdatamodeld */; };
		AAF9FFB11AF7CE3C004492A6 /* ViewController.m in Sources */ = {isa = PBXBuildFile; fileRef = AAF9FFB01AF7CE3C004492A6 /* ViewController.m */; };
		AAF9FFB41AF7CE3C004492A6 /* Main.storyboard in Resources */ = {isa = PBXBuildFile; fileRef = AAF9FFB21AF7CE3C004492A6 /* Main.storyboard */; };
		AAF9FFB61AF7CE3C004492A6 /* Images.xcassets in Resources */ = {isa = PBXBuildFile; fileRef = AAF9FFB51AF7CE3C004492A6 /* Images.xcassets */; };
		AAF9FFB91AF7CE3C004492A6 /* LaunchScreen.xib in Resources */ = {isa = PBXBuildFile; fileRef = AAF9FFB71AF7CE3C004492A6 /* LaunchScreen.xib */; };
		AAF9FFC51AF7CE3C004492A6 /* TestCas4Tests.m in Sources */ = {isa = PBXBuildFile; fileRef = AAF9FFC41AF7CE3C004492A6 /* TestCas4Tests.m */; };
		AAF9FFCF1AF7CEF6004492A6 /* NOTES in Resources */ = {isa = PBXBuildFile; fileRef = AAF9FFCE1AF7CEF6004492A6 /* NOTES */; };
		AAF9FFE41AF7D034004492A6 /* AFHTTPRequestOperation.m in Sources */ = {isa = PBXBuildFile; fileRef = AAF9FFD21AF7D034004492A6 /* AFHTTPRequestOperation.m */; };
		AAF9FFE51AF7D034004492A6 /* AFHTTPRequestOperationManager.m in Sources */ = {isa = PBXBuildFile; fileRef = AAF9FFD41AF7D034004492A6 /* AFHTTPRequestOperationManager.m */; };
		AAF9FFE61AF7D034004492A6 /* AFHTTPSessionManager.m in Sources */ = {isa = PBXBuildFile; fileRef = AAF9FFD61AF7D034004492A6 /* AFHTTPSessionManager.m */; };
		AAF9FFE71AF7D034004492A6 /* AFNetworkReachabilityManager.m in Sources */ = {isa = PBXBuildFile; fileRef = AAF9FFD91AF7D034004492A6 /* AFNetworkReachabilityManager.m */; };
		AAF9FFE81AF7D034004492A6 /* AFSecurityPolicy.m in Sources */ = {isa = PBXBuildFile; fileRef = AAF9FFDB1AF7D034004492A6 /* AFSecurityPolicy.m */; };
		AAF9FFE91AF7D034004492A6 /* AFURLConnectionOperation.m in Sources */ = {isa = PBXBuildFile; fileRef = AAF9FFDD1AF7D034004492A6 /* AFURLConnectionOperation.m */; };
		AAF9FFEA1AF7D034004492A6 /* AFURLRequestSerialization.m in Sources */ = {isa = PBXBuildFile; fileRef = AAF9FFDF1AF7D034004492A6 /* AFURLRequestSerialization.m */; };
		AAF9FFEB1AF7D034004492A6 /* AFURLResponseSerialization.m in Sources */ = {isa = PBXBuildFile; fileRef = AAF9FFE11AF7D034004492A6 /* AFURLResponseSerialization.m */; };
		AAF9FFEC1AF7D034004492A6 /* AFURLSessionManager.m in Sources */ = {isa = PBXBuildFile; fileRef = AAF9FFE31AF7D034004492A6 /* AFURLSessionManager.m */; };
		AAF9FFEF1AF7D76A004492A6 /* Moni.m in Sources */ = {isa = PBXBuildFile; fileRef = AAF9FFEE1AF7D76A004492A6 /* Moni.m */; };
/* End PBXBuildFile section */

/* Begin PBXContainerItemProxy section */
		AAF9FFBF1AF7CE3C004492A6 /* PBXContainerItemProxy */ = {
			isa = PBXContainerItemProxy;
			containerPortal = AAF9FF9A1AF7CE3C004492A6 /* Project object */;
			proxyType = 1;
			remoteGlobalIDString = AAF9FFA11AF7CE3C004492A6;
			remoteInfo = TestCas4;
		};
/* End PBXContainerItemProxy section */

/* Begin PBXFileReference section */
		AAF9FFA21AF7CE3C004492A6 /* TestCas4.app */ = {isa = PBXFileReference; explicitFileType = wrapper.application; includeInIndex = 0; path = TestCas4.app; sourceTree = BUILT_PRODUCTS_DIR; };
		AAF9FFA61AF7CE3C004492A6 /* Info.plist */ = {isa = PBXFileReference; lastKnownFileType = text.plist.xml; path = Info.plist; sourceTree = "<group>"; };
		AAF9FFA71AF7CE3C004492A6 /* main.m */ = {isa = PBXFileReference; lastKnownFileType = sourcecode.c.objc; path = main.m; sourceTree = "<group>"; };
		AAF9FFA91AF7CE3C004492A6 /* AppDelegate.h */ = {isa = PBXFileReference; lastKnownFileType = sourcecode.c.h; path = AppDelegate.h; sourceTree = "<group>"; };
		AAF9FFAA1AF7CE3C004492A6 /* AppDelegate.m */ = {isa = PBXFileReference; lastKnownFileType = sourcecode.c.objc; path = AppDelegate.m; sourceTree = "<group>"; };
		AAF9FFAD1AF7CE3C004492A6 /* TestCas4.xcdatamodel */ = {isa = PBXFileReference; lastKnownFileType = wrapper.xcdatamodel; path = TestCas4.xcdatamodel; sourceTree = "<group>"; };
		AAF9FFAF1AF7CE3C004492A6 /* ViewController.h */ = {isa = PBXFileReference; lastKnownFileType = sourcecode.c.h; path = ViewController.h; sourceTree = "<group>"; };
		AAF9FFB01AF7CE3C004492A6 /* ViewController.m */ = {isa = PBXFileReference; lastKnownFileType = sourcecode.c.objc; path = ViewController.m; sourceTree = "<group>"; };
		AAF9FFB31AF7CE3C004492A6 /* Base */ = {isa = PBXFileReference; lastKnownFileType = file.storyboard; name = Base; path = Base.lproj/Main.storyboard; sourceTree = "<group>"; };
		AAF9FFB51AF7CE3C004492A6 /* Images.xcassets */ = {isa = PBXFileReference; lastKnownFileType = folder.assetcatalog; path = Images.xcassets; sourceTree = "<group>"; };
		AAF9FFB81AF7CE3C004492A6 /* Base */ = {isa = PBXFileReference; lastKnownFileType = file.xib; name = Base; path = Base.lproj/LaunchScreen.xib; sourceTree = "<group>"; };
		AAF9FFBE1AF7CE3C004492A6 /* TestCas4Tests.xctest */ = {isa = PBXFileReference; explicitFileType = wrapper.cfbundle; includeInIndex = 0; path = TestCas4Tests.xctest; sourceTree = BUILT_PRODUCTS_DIR; };
		AAF9FFC31AF7CE3C004492A6 /* Info.plist */ = {isa = PBXFileReference; lastKnownFileType = text.plist.xml; path = Info.plist; sourceTree = "<group>"; };
		AAF9FFC41AF7CE3C004492A6 /* TestCas4Tests.m */ = {isa = PBXFileReference; lastKnownFileType = sourcecode.c.objc; path = TestCas4Tests.m; sourceTree = "<group>"; };
		AAF9FFCE1AF7CEF6004492A6 /* NOTES */ = {isa = PBXFileReference; fileEncoding = 4; lastKnownFileType = text; path = NOTES; sourceTree = "<group>"; };
		AAF9FFD11AF7D034004492A6 /* AFHTTPRequestOperation.h */ = {isa = PBXFileReference; fileEncoding = 4; lastKnownFileType = sourcecode.c.h; path = AFHTTPRequestOperation.h; sourceTree = "<group>"; };
		AAF9FFD21AF7D034004492A6 /* AFHTTPRequestOperation.m */ = {isa = PBXFileReference; fileEncoding = 4; lastKnownFileType = sourcecode.c.objc; path = AFHTTPRequestOperation.m; sourceTree = "<group>"; };
		AAF9FFD31AF7D034004492A6 /* AFHTTPRequestOperationManager.h */ = {isa = PBXFileReference; fileEncoding = 4; lastKnownFileType = sourcecode.c.h; path = AFHTTPRequestOperationManager.h; sourceTree = "<group>"; };
		AAF9FFD41AF7D034004492A6 /* AFHTTPRequestOperationManager.m */ = {isa = PBXFileReference; fileEncoding = 4; lastKnownFileType = sourcecode.c.objc; path = AFHTTPRequestOperationManager.m; sourceTree = "<group>"; };
		AAF9FFD51AF7D034004492A6 /* AFHTTPSessionManager.h */ = {isa = PBXFileReference; fileEncoding = 4; lastKnownFileType = sourcecode.c.h; path = AFHTTPSessionManager.h; sourceTree = "<group>"; };
		AAF9FFD61AF7D034004492A6 /* AFHTTPSessionManager.m */ = {isa = PBXFileReference; fileEncoding = 4; lastKnownFileType = sourcecode.c.objc; path = AFHTTPSessionManager.m; sourceTree = "<group>"; };
		AAF9FFD71AF7D034004492A6 /* AFNetworking.h */ = {isa = PBXFileReference; fileEncoding = 4; lastKnownFileType = sourcecode.c.h; path = AFNetworking.h; sourceTree = "<group>"; };
		AAF9FFD81AF7D034004492A6 /* AFNetworkReachabilityManager.h */ = {isa = PBXFileReference; fileEncoding = 4; lastKnownFileType = sourcecode.c.h; path = AFNetworkReachabilityManager.h; sourceTree = "<group>"; };
		AAF9FFD91AF7D034004492A6 /* AFNetworkReachabilityManager.m */ = {isa = PBXFileReference; fileEncoding = 4; lastKnownFileType = sourcecode.c.objc; path = AFNetworkReachabilityManager.m; sourceTree = "<group>"; };
		AAF9FFDA1AF7D034004492A6 /* AFSecurityPolicy.h */ = {isa = PBXFileReference; fileEncoding = 4; lastKnownFileType = sourcecode.c.h; path = AFSecurityPolicy.h; sourceTree = "<group>"; };
		AAF9FFDB1AF7D034004492A6 /* AFSecurityPolicy.m */ = {isa = PBXFileReference; fileEncoding = 4; lastKnownFileType = sourcecode.c.objc; path = AFSecurityPolicy.m; sourceTree = "<group>"; };
		AAF9FFDC1AF7D034004492A6 /* AFURLConnectionOperation.h */ = {isa = PBXFileReference; fileEncoding = 4; lastKnownFileType = sourcecode.c.h; path = AFURLConnectionOperation.h; sourceTree = "<group>"; };
		AAF9FFDD1AF7D034004492A6 /* AFURLConnectionOperation.m */ = {isa = PBXFileReference; fileEncoding = 4; lastKnownFileType = sourcecode.c.objc; path = AFURLConnectionOperation.m; sourceTree = "<group>"; };
		AAF9FFDE1AF7D034004492A6 /* AFURLRequestSerialization.h */ = {isa = PBXFileReference; fileEncoding = 4; lastKnownFileType = sourcecode.c.h; path = AFURLRequestSerialization.h; sourceTree = "<group>"; };
		AAF9FFDF1AF7D034004492A6 /* AFURLRequestSerialization.m */ = {isa = PBXFileReference; fileEncoding = 4; lastKnownFileType = sourcecode.c.objc; path = AFURLRequestSerialization.m; sourceTree = "<group>"; };
		AAF9FFE01AF7D034004492A6 /* AFURLResponseSerialization.h */ = {isa = PBXFileReference; fileEncoding = 4; lastKnownFileType = sourcecode.c.h; path = AFURLResponseSerialization.h; sourceTree = "<group>"; };
		AAF9FFE11AF7D034004492A6 /* AFURLResponseSerialization.m */ = {isa = PBXFileReference; fileEncoding = 4; lastKnownFileType = sourcecode.c.objc; path = AFURLResponseSerialization.m; sourceTree = "<group>"; };
		AAF9FFE21AF7D034004492A6 /* AFURLSessionManager.h */ = {isa = PBXFileReference; fileEncoding = 4; lastKnownFileType = sourcecode.c.h; path = AFURLSessionManager.h; sourceTree = "<group>"; };
		AAF9FFE31AF7D034004492A6 /* AFURLSessionManager.m */ = {isa = PBXFileReference; fileEncoding = 4; lastKnownFileType = sourcecode.c.objc; path = AFURLSessionManager.m; sourceTree = "<group>"; };
		AAF9FFED1AF7D769004492A6 /* Moni.h */ = {isa = PBXFileReference; fileEncoding = 4; lastKnownFileType = sourcecode.c.h; path = Moni.h; sourceTree = "<group>"; };
		AAF9FFEE1AF7D76A004492A6 /* Moni.m */ = {isa = PBXFileReference; fileEncoding = 4; lastKnownFileType = sourcecode.c.objc; path = Moni.m; sourceTree = "<group>"; };
/* End PBXFileReference section */

/* Begin PBXFrameworksBuildPhase section */
		AAF9FF9F1AF7CE3C004492A6 /* Frameworks */ = {
			isa = PBXFrameworksBuildPhase;
			buildActionMask = 2147483647;
			files = (
			);
			runOnlyForDeploymentPostprocessing = 0;
		};
		AAF9FFBB1AF7CE3C004492A6 /* Frameworks */ = {
			isa = PBXFrameworksBuildPhase;
			buildActionMask = 2147483647;
			files = (
			);
			runOnlyForDeploymentPostprocessing = 0;
		};
/* End PBXFrameworksBuildPhase section */

/* Begin PBXGroup section */
		AAF9FF991AF7CE3C004492A6 = {
			isa = PBXGroup;
			children = (
				AAF9FFCE1AF7CEF6004492A6 /* NOTES */,
				AAF9FFA41AF7CE3C004492A6 /* TestCas4 */,
				AAF9FFC11AF7CE3C004492A6 /* TestCas4Tests */,
				AAF9FFA31AF7CE3C004492A6 /* Products */,
				AAF9FFED1AF7D769004492A6 /* Moni.h */,
				AAF9FFEE1AF7D76A004492A6 /* Moni.m */,
				AAF9FFD01AF7D034004492A6 /* AFNetworking */,
			);
			sourceTree = "<group>";
		};
		AAF9FFA31AF7CE3C004492A6 /* Products */ = {
			isa = PBXGroup;
			children = (
				AAF9FFA21AF7CE3C004492A6 /* TestCas4.app */,
				AAF9FFBE1AF7CE3C004492A6 /* TestCas4Tests.xctest */,
			);
			name = Products;
			sourceTree = "<group>";
		};
		AAF9FFA41AF7CE3C004492A6 /* TestCas4 */ = {
			isa = PBXGroup;
			children = (
				AAF9FFA91AF7CE3C004492A6 /* AppDelegate.h */,
				AAF9FFAA1AF7CE3C004492A6 /* AppDelegate.m */,
				AAF9FFAF1AF7CE3C004492A6 /* ViewController.h */,
				AAF9FFB01AF7CE3C004492A6 /* ViewController.m */,
				AAF9FFB21AF7CE3C004492A6 /* Main.storyboard */,
				AAF9FFB51AF7CE3C004492A6 /* Images.xcassets */,
				AAF9FFB71AF7CE3C004492A6 /* LaunchScreen.xib */,
				AAF9FFAC1AF7CE3C004492A6 /* TestCas4.xcdatamodeld */,
				AAF9FFA51AF7CE3C004492A6 /* Supporting Files */,
			);
			path = TestCas4;
			sourceTree = "<group>";
		};
		AAF9FFA51AF7CE3C004492A6 /* Supporting Files */ = {
			isa = PBXGroup;
			children = (
				AAF9FFA61AF7CE3C004492A6 /* Info.plist */,
				AAF9FFA71AF7CE3C004492A6 /* main.m */,
			);
			name = "Supporting Files";
			sourceTree = "<group>";
		};
		AAF9FFC11AF7CE3C004492A6 /* TestCas4Tests */ = {
			isa = PBXGroup;
			children = (
				AAF9FFC41AF7CE3C004492A6 /* TestCas4Tests.m */,
				AAF9FFC21AF7CE3C004492A6 /* Supporting Files */,
			);
			path = TestCas4Tests;
			sourceTree = "<group>";
		};
		AAF9FFC21AF7CE3C004492A6 /* Supporting Files */ = {
			isa = PBXGroup;
			children = (
				AAF9FFC31AF7CE3C004492A6 /* Info.plist */,
			);
			name = "Supporting Files";
			sourceTree = "<group>";
		};
		AAF9FFD01AF7D034004492A6 /* AFNetworking */ = {
			isa = PBXGroup;
			children = (
				AAF9FFD11AF7D034004492A6 /* AFHTTPRequestOperation.h */,
				AAF9FFD21AF7D034004492A6 /* AFHTTPRequestOperation.m */,
				AAF9FFD31AF7D034004492A6 /* AFHTTPRequestOperationManager.h */,
				AAF9FFD41AF7D034004492A6 /* AFHTTPRequestOperationManager.m */,
				AAF9FFD51AF7D034004492A6 /* AFHTTPSessionManager.h */,
				AAF9FFD61AF7D034004492A6 /* AFHTTPSessionManager.m */,
				AAF9FFD71AF7D034004492A6 /* AFNetworking.h */,
				AAF9FFD81AF7D034004492A6 /* AFNetworkReachabilityManager.h */,
				AAF9FFD91AF7D034004492A6 /* AFNetworkReachabilityManager.m */,
				AAF9FFDA1AF7D034004492A6 /* AFSecurityPolicy.h */,
				AAF9FFDB1AF7D034004492A6 /* AFSecurityPolicy.m */,
				AAF9FFDC1AF7D034004492A6 /* AFURLConnectionOperation.h */,
				AAF9FFDD1AF7D034004492A6 /* AFURLConnectionOperation.m */,
				AAF9FFDE1AF7D034004492A6 /* AFURLRequestSerialization.h */,
				AAF9FFDF1AF7D034004492A6 /* AFURLRequestSerialization.m */,
				AAF9FFE01AF7D034004492A6 /* AFURLResponseSerialization.h */,
				AAF9FFE11AF7D034004492A6 /* AFURLResponseSerialization.m */,
				AAF9FFE21AF7D034004492A6 /* AFURLSessionManager.h */,
				AAF9FFE31AF7D034004492A6 /* AFURLSessionManager.m */,
			);
			path = AFNetworking;
			sourceTree = "<group>";
		};
/* End PBXGroup section */

/* Begin PBXNativeTarget section */
		AAF9FFA11AF7CE3C004492A6 /* TestCas4 */ = {
			isa = PBXNativeTarget;
			buildConfigurationList = AAF9FFC81AF7CE3C004492A6 /* Build configuration list for PBXNativeTarget "TestCas4" */;
			buildPhases = (
				AAF9FF9E1AF7CE3C004492A6 /* Sources */,
				AAF9FF9F1AF7CE3C004492A6 /* Frameworks */,
				AAF9FFA01AF7CE3C004492A6 /* Resources */,
			);
			buildRules = (
			);
			dependencies = (
			);
			name = TestCas4;
			productName = TestCas4;
			productReference = AAF9FFA21AF7CE3C004492A6 /* TestCas4.app */;
			productType = "com.apple.product-type.application";
		};
		AAF9FFBD1AF7CE3C004492A6 /* TestCas4Tests */ = {
			isa = PBXNativeTarget;
			buildConfigurationList = AAF9FFCB1AF7CE3C004492A6 /* Build configuration list for PBXNativeTarget "TestCas4Tests" */;
			buildPhases = (
				AAF9FFBA1AF7CE3C004492A6 /* Sources */,
				AAF9FFBB1AF7CE3C004492A6 /* Frameworks */,
				AAF9FFBC1AF7CE3C004492A6 /* Resources */,
			);
			buildRules = (
			);
			dependencies = (
				AAF9FFC01AF7CE3C004492A6 /* PBXTargetDependency */,
			);
			name = TestCas4Tests;
			productName = TestCas4Tests;
			productReference = AAF9FFBE1AF7CE3C004492A6 /* TestCas4Tests.xctest */;
			productType = "com.apple.product-type.bundle.unit-test";
		};
/* End PBXNativeTarget section */

/* Begin PBXProject section */
		AAF9FF9A1AF7CE3C004492A6 /* Project object */ = {
			isa = PBXProject;
			attributes = {
				LastUpgradeCheck = 0610;
				ORGANIZATIONNAME = "Design Academy 5";
				TargetAttributes = {
					AAF9FFA11AF7CE3C004492A6 = {
						CreatedOnToolsVersion = 6.1.1;
					};
					AAF9FFBD1AF7CE3C004492A6 = {
						CreatedOnToolsVersion = 6.1.1;
						TestTargetID = AAF9FFA11AF7CE3C004492A6;
					};
				};
			};
			buildConfigurationList = AAF9FF9D1AF7CE3C004492A6 /* Build configuration list for PBXProject "TestCas4" */;
			compatibilityVersion = "Xcode 3.2";
			developmentRegion = English;
			hasScannedForEncodings = 0;
			knownRegions = (
				en,
				Base,
			);
			mainGroup = AAF9FF991AF7CE3C004492A6;
			productRefGroup = AAF9FFA31AF7CE3C004492A6 /* Products */;
			projectDirPath = "";
			projectRoot = "";
			targets = (
				AAF9FFA11AF7CE3C004492A6 /* TestCas4 */,
				AAF9FFBD1AF7CE3C004492A6 /* TestCas4Tests */,
			);
		};
/* End PBXProject section */

/* Begin PBXResourcesBuildPhase section */
		AAF9FFA01AF7CE3C004492A6 /* Resources */ = {
			isa = PBXResourcesBuildPhase;
			buildActionMask = 2147483647;
			files = (
				AAF9FFB41AF7CE3C004492A6 /* Main.storyboard in Resources */,
				AAF9FFB91AF7CE3C004492A6 /* LaunchScreen.xib in Resources */,
				AAF9FFCF1AF7CEF6004492A6 /* NOTES in Resources */,
				AAF9FFB61AF7CE3C004492A6 /* Images.xcassets in Resources */,
			);
			runOnlyForDeploymentPostprocessing = 0;
		};
		AAF9FFBC1AF7CE3C004492A6 /* Resources */ = {
			isa = PBXResourcesBuildPhase;
			buildActionMask = 2147483647;
			files = (
			);
			runOnlyForDeploymentPostprocessing = 0;
		};
/* End PBXResourcesBuildPhase section */

/* Begin PBXSourcesBuildPhase section */
		AAF9FF9E1AF7CE3C004492A6 /* Sources */ = {
			isa = PBXSourcesBuildPhase;
			buildActionMask = 2147483647;
			files = (
				AAF9FFAE1AF7CE3C004492A6 /* TestCas4.xcdatamodeld in Sources */,
				AAF9FFE81AF7D034004492A6 /* AFSecurityPolicy.m in Sources */,
				AAF9FFAB1AF7CE3C004492A6 /* AppDelegate.m in Sources */,
				AAF9FFE51AF7D034004492A6 /* AFHTTPRequestOperationManager.m in Sources */,
				AAF9FFE91AF7D034004492A6 /* AFURLConnectionOperation.m in Sources */,
				AAF9FFE41AF7D034004492A6 /* AFHTTPRequestOperation.m in Sources */,
				AAF9FFB11AF7CE3C004492A6 /* ViewController.m in Sources */,
				AAF9FFEA1AF7D034004492A6 /* AFURLRequestSerialization.m in Sources */,
				AAF9FFEF1AF7D76A004492A6 /* Moni.m in Sources */,
				AAF9FFE61AF7D034004492A6 /* AFHTTPSessionManager.m in Sources */,
				AAF9FFE71AF7D034004492A6 /* AFNetworkReachabilityManager.m in Sources */,
				AAF9FFEB1AF7D034004492A6 /* AFURLResponseSerialization.m in Sources */,
				AAF9FFEC1AF7D034004492A6 /* AFURLSessionManager.m in Sources */,
				AAF9FFA81AF7CE3C004492A6 /* main.m in Sources */,
			);
			runOnlyForDeploymentPostprocessing = 0;
		};
		AAF9FFBA1AF7CE3C004492A6 /* Sources */ = {
			isa = PBXSourcesBuildPhase;
			buildActionMask = 2147483647;
			files = (
				AAF9FFC51AF7CE3C004492A6 /* TestCas4Tests.m in Sources */,
			);
			runOnlyForDeploymentPostprocessing = 0;
		};
/* End PBXSourcesBuildPhase section */

/* Begin PBXTargetDependency section */
		AAF9FFC01AF7CE3C004492A6 /* PBXTargetDependency */ = {
			isa = PBXTargetDependency;
			target = AAF9FFA11AF7CE3C004492A6 /* TestCas4 */;
			targetProxy = AAF9FFBF1AF7CE3C004492A6 /* PBXContainerItemProxy */;
		};
/* End PBXTargetDependency section */

/* Begin PBXVariantGroup section */
		AAF9FFB21AF7CE3C004492A6 /* Main.storyboard */ = {
			isa = PBXVariantGroup;
			children = (
				AAF9FFB31AF7CE3C004492A6 /* Base */,
			);
			name = Main.storyboard;
			sourceTree = "<group>";
		};
		AAF9FFB71AF7CE3C004492A6 /* LaunchScreen.xib */ = {
			isa = PBXVariantGroup;
			children = (
				AAF9FFB81AF7CE3C004492A6 /* Base */,
			);
			name = LaunchScreen.xib;
			sourceTree = "<group>";
		};
/* End PBXVariantGroup section */

/* Begin XCBuildConfiguration section */
		AAF9FFC61AF7CE3C004492A6 /* Debug */ = {
			isa = XCBuildConfiguration;
			buildSettings = {
				ALWAYS_SEARCH_USER_PATHS = NO;
				CLANG_CXX_LANGUAGE_STANDARD = "gnu++0x";
				CLANG_CXX_LIBRARY = "libc++";
				CLANG_ENABLE_MODULES = YES;
				CLANG_ENABLE_OBJC_ARC = YES;
				CLANG_WARN_BOOL_CONVERSION = YES;
				CLANG_WARN_CONSTANT_CONVERSION = YES;
				CLANG_WARN_DIRECT_OBJC_ISA_USAGE = YES_ERROR;
				CLANG_WARN_EMPTY_BODY = YES;
				CLANG_WARN_ENUM_CONVERSION = YES;
				CLANG_WARN_INT_CONVERSION = YES;
				CLANG_WARN_OBJC_ROOT_CLASS = YES_ERROR;
				CLANG_WARN_UNREACHABLE_CODE = YES;
				CLANG_WARN__DUPLICATE_METHOD_MATCH = YES;
				"CODE_SIGN_IDENTITY[sdk=iphoneos*]" = "iPhone Developer";
				COPY_PHASE_STRIP = NO;
				ENABLE_STRICT_OBJC_MSGSEND = YES;
				GCC_C_LANGUAGE_STANDARD = gnu99;
				GCC_DYNAMIC_NO_PIC = NO;
				GCC_OPTIMIZATION_LEVEL = 0;
				GCC_PREPROCESSOR_DEFINITIONS = (
					"DEBUG=1",
					"$(inherited)",
				);
				GCC_SYMBOLS_PRIVATE_EXTERN = NO;
				GCC_WARN_64_TO_32_BIT_CONVERSION = YES;
				GCC_WARN_ABOUT_RETURN_TYPE = YES_ERROR;
				GCC_WARN_UNDECLARED_SELECTOR = YES;
				GCC_WARN_UNINITIALIZED_AUTOS = YES_AGGRESSIVE;
				GCC_WARN_UNUSED_FUNCTION = YES;
				GCC_WARN_UNUSED_VARIABLE = YES;
				IPHONEOS_DEPLOYMENT_TARGET = 8.1;
				MTL_ENABLE_DEBUG_INFO = YES;
				ONLY_ACTIVE_ARCH = YES;
				SDKROOT = iphoneos;
				TARGETED_DEVICE_FAMILY = "1,2";
			};
			name = Debug;
		};
		AAF9FFC71AF7CE3C004492A6 /* Release */ = {
			isa = XCBuildConfiguration;
			buildSettings = {
				ALWAYS_SEARCH_USER_PATHS = NO;
				CLANG_CXX_LANGUAGE_STANDARD = "gnu++0x";
				CLANG_CXX_LIBRARY = "libc++";
				CLANG_ENABLE_MODULES = YES;
				CLANG_ENABLE_OBJC_ARC = YES;
				CLANG_WARN_BOOL_CONVERSION = YES;
				CLANG_WARN_CONSTANT_CONVERSION = YES;
				CLANG_WARN_DIRECT_OBJC_ISA_USAGE = YES_ERROR;
				CLANG_WARN_EMPTY_BODY = YES;
				CLANG_WARN_ENUM_CONVERSION = YES;
				CLANG_WARN_INT_CONVERSION = YES;
				CLANG_WARN_OBJC_ROOT_CLASS = YES_ERROR;
				CLANG_WARN_UNREACHABLE_CODE = YES;
				CLANG_WARN__DUPLICATE_METHOD_MATCH = YES;
				"CODE_SIGN_IDENTITY[sdk=iphoneos*]" = "iPhone Developer";
				COPY_PHASE_STRIP = YES;
				ENABLE_NS_ASSERTIONS = NO;
				ENABLE_STRICT_OBJC_MSGSEND = YES;
				GCC_C_LANGUAGE_STANDARD = gnu99;
				GCC_WARN_64_TO_32_BIT_CONVERSION = YES;
				GCC_WARN_ABOUT_RETURN_TYPE = YES_ERROR;
				GCC_WARN_UNDECLARED_SELECTOR = YES;
				GCC_WARN_UNINITIALIZED_AUTOS = YES_AGGRESSIVE;
				GCC_WARN_UNUSED_FUNCTION = YES;
				GCC_WARN_UNUSED_VARIABLE = YES;
				IPHONEOS_DEPLOYMENT_TARGET = 8.1;
				MTL_ENABLE_DEBUG_INFO = NO;
				SDKROOT = iphoneos;
				TARGETED_DEVICE_FAMILY = "1,2";
				VALIDATE_PRODUCT = YES;
			};
			name = Release;
		};
		AAF9FFC91AF7CE3C004492A6 /* Debug */ = {
			isa = XCBuildConfiguration;
			buildSettings = {
				ASSETCATALOG_COMPILER_APPICON_NAME = AppIcon;
				INFOPLIST_FILE = TestCas4/Info.plist;
				LD_RUNPATH_SEARCH_PATHS = "$(inherited) @executable_path/Frameworks";
				PRODUCT_NAME = "$(TARGET_NAME)";
			};
			name = Debug;
		};
		AAF9FFCA1AF7CE3C004492A6 /* Release */ = {
			isa = XCBuildConfiguration;
			buildSettings = {
				ASSETCATALOG_COMPILER_APPICON_NAME = AppIcon;
				INFOPLIST_FILE = TestCas4/Info.plist;
				LD_RUNPATH_SEARCH_PATHS = "$(inherited) @executable_path/Frameworks";
				PRODUCT_NAME = "$(TARGET_NAME)";
			};
			name = Release;
		};
		AAF9FFCC1AF7CE3C004492A6 /* Debug */ = {
			isa = XCBuildConfiguration;
			buildSettings = {
				BUNDLE_LOADER = "$(TEST_HOST)";
				FRAMEWORK_SEARCH_PATHS = (
					"$(SDKROOT)/Developer/Library/Frameworks",
					"$(inherited)",
				);
				GCC_PREPROCESSOR_DEFINITIONS = (
					"DEBUG=1",
					"$(inherited)",
				);
				INFOPLIST_FILE = TestCas4Tests/Info.plist;
				LD_RUNPATH_SEARCH_PATHS = "$(inherited) @executable_path/Frameworks @loader_path/Frameworks";
				PRODUCT_NAME = "$(TARGET_NAME)";
				TEST_HOST = "$(BUILT_PRODUCTS_DIR)/TestCas4.app/TestCas4";
			};
			name = Debug;
		};
		AAF9FFCD1AF7CE3C004492A6 /* Release */ = {
			isa = XCBuildConfiguration;
			buildSettings = {
				BUNDLE_LOADER = "$(TEST_HOST)";
				FRAMEWORK_SEARCH_PATHS = (
					"$(SDKROOT)/Developer/Library/Frameworks",
					"$(inherited)",
				);
				INFOPLIST_FILE = TestCas4Tests/Info.plist;
				LD_RUNPATH_SEARCH_PATHS = "$(inherited) @executable_path/Frameworks @loader_path/Frameworks";
				PRODUCT_NAME = "$(TARGET_NAME)";
				TEST_HOST = "$(BUILT_PRODUCTS_DIR)/TestCas4.app/TestCas4";
			};
			name = Release;
		};
/* End XCBuildConfiguration section */

/* Begin XCConfigurationList section */
		AAF9FF9D1AF7CE3C004492A6 /* Build configuration list for PBXProject "TestCas4" */ = {
			isa = XCConfigurationList;
			buildConfigurations = (
				AAF9FFC61AF7CE3C004492A6 /* Debug */,
				AAF9FFC71AF7CE3C004492A6 /* Release */,
			);
			defaultConfigurationIsVisible = 0;
			defaultConfigurationName = Release;
		};
		AAF9FFC81AF7CE3C004492A6 /* Build configuration list for PBXNativeTarget "TestCas4" */ = {
			isa = XCConfigurationList;
			buildConfigurations = (
				AAF9FFC91AF7CE3C004492A6 /* Debug */,
				AAF9FFCA1AF7CE3C004492A6 /* Release */,
			);
			defaultConfigurationIsVisible = 0;
		};
		AAF9FFCB1AF7CE3C004492A6 /* Build configuration list for PBXNativeTarget "TestCas4Tests" */ = {
			isa = XCConfigurationList;
			buildConfigurations = (
				AAF9FFCC1AF7CE3C004492A6 /* Debug */,
				AAF9FFCD1AF7CE3C004492A6 /* Release */,
			);
			defaultConfigurationIsVisible = 0;
		};
/* End XCConfigurationList section */

/* Begin XCVersionGroup section */
		AAF9FFAC1AF7CE3C004492A6 /* TestCas4.xcdatamodeld */ = {
			isa = XCVersionGroup;
			children = (
				AAF9FFAD1AF7CE3C004492A6 /* TestCas4.xcdatamodel */,
			);
			currentVersion = AAF9FFAD1AF7CE3C004492A6 /* TestCas4.xcdatamodel */;
			path = TestCas4.xcdatamodeld;
			sourceTree = "<group>";
			versionGroupType = wrapper.xcdatamodel;
		};
/* End XCVersionGroup section */
	};
	rootObject = AAF9FF9A1AF7CE3C004492A6 /* Project object */;
}
